
Microsoft Visual Studio Solution File, Format Version 12.00
# Visual Studio 14
VisualStudioVersion = 14.0.25420.1
MinimumVisualStudioVersion = 10.0.40219.1
Project("{FAE04EC0-301F-11D3-BF4B-00C04F79EFBC}") = "KattaTask", "KattaTask\KattaTask.csproj", "{D7794330-ADB1-4A62-91D5-3401BAE75DD4}"
EndProject
Project("{FAE04EC0-301F-11D3-BF4B-00C04F79EFBC}") = "KattaTaskTests", "KattaTaskTests\KattaTaskTests.csproj", "{75F31B9C-38FA-41EB-BEF4-8DF4B8B01832}"
EndProject
Global
	GlobalSection(SolutionConfigurationPlatforms) = preSolution
		Debug|Any CPU = Debug|Any CPU
		Release|Any CPU = Release|Any CPU
	EndGlobalSection
	GlobalSection(ProjectConfigurationPlatforms) = postSolution
		{D7794330-ADB1-4A62-91D5-3401BAE75DD4}.Debug|Any CPU.ActiveCfg = Debug|Any CPU
		{D7794330-ADB1-4A62-91D5-3401BAE75DD4}.Debug|Any CPU.Build.0 = Debug|Any CPU
		{D7794330-ADB1-4A62-91D5-3401BAE75DD4}.Release|Any CPU.ActiveCfg = Release|Any CPU
		{D7794330-ADB1-4A62-91D5-3401BAE75DD4}.Release|Any CPU.Build.0 = Release|Any CPU
		{75F31B9C-38FA-41EB-BEF4-8DF4B8B01832}.Debug|Any CPU.ActiveCfg = Debug|Any CPU
		{75F31B9C-38FA-41EB-BEF4-8DF4B8B01832}.Debug|Any CPU.Build.0 = Debug|Any CPU
		{75F31B9C-38FA-41EB-BEF4-8DF4B8B01832}.Release|Any CPU.ActiveCfg = Release|Any CPU
		{75F31B9C-38FA-41EB-BEF4-8DF4B8B01832}.Release|Any CPU.Build.0 = Release|Any CPU
	EndGlobalSection
	GlobalSection(SolutionProperties) = preSolution
		HideSolutionNode = FALSE
	EndGlobalSection
EndGlobal
