
Microsoft Visual Studio Solution File, Format Version 12.00
# Visual Studio 15
VisualStudioVersion = 15.0.27130.2027
MinimumVisualStudioVersion = 10.0.40219.1
Project("{FAE04EC0-301F-11D3-BF4B-00C04F79EFBC}") = "Kata3", "Kata3\Kata3.csproj", "{F601ACA4-DE75-4259-BFB1-20CF3E3EA2A6}"
EndProject
Global
	GlobalSection(SolutionConfigurationPlatforms) = preSolution
		Debug|Any CPU = Debug|Any CPU
		Release|Any CPU = Release|Any CPU
	EndGlobalSection
	GlobalSection(ProjectConfigurationPlatforms) = postSolution
		{F601ACA4-DE75-4259-BFB1-20CF3E3EA2A6}.Debug|Any CPU.ActiveCfg = Debug|Any CPU
		{F601ACA4-DE75-4259-BFB1-20CF3E3EA2A6}.Debug|Any CPU.Build.0 = Debug|Any CPU
		{F601ACA4-DE75-4259-BFB1-20CF3E3EA2A6}.Release|Any CPU.ActiveCfg = Release|Any CPU
		{F601ACA4-DE75-4259-BFB1-20CF3E3EA2A6}.Release|Any CPU.Build.0 = Release|Any CPU
	EndGlobalSection
	GlobalSection(SolutionProperties) = preSolution
		HideSolutionNode = FALSE
	EndGlobalSection
	GlobalSection(ExtensibilityGlobals) = postSolution
		SolutionGuid = {E35082A5-945D-436F-85E0-B039636C7058}
	EndGlobalSection
EndGlobal
